
Microsoft Visual Studio Solution File, Format Version 12.00
# Visual Studio 15
VisualStudioVersion = 15.0.27703.2026
MinimumVisualStudioVersion = 10.0.40219.1
Project("{FAE04EC0-301F-11D3-BF4B-00C04F79EFBC}") = "FirstMVCApp", "FirstMVCApp\FirstMVCApp.csproj", "{BDA5E2EE-DB72-403C-BEB8-9D285C60F174}"
EndProject
Global
	GlobalSection(SolutionConfigurationPlatforms) = preSolution
		Debug|Any CPU = Debug|Any CPU
		Release|Any CPU = Release|Any CPU
	EndGlobalSection
	GlobalSection(ProjectConfigurationPlatforms) = postSolution
		{BDA5E2EE-DB72-403C-BEB8-9D285C60F174}.Debug|Any CPU.ActiveCfg = Debug|Any CPU
		{BDA5E2EE-DB72-403C-BEB8-9D285C60F174}.Debug|Any CPU.Build.0 = Debug|Any CPU
		{BDA5E2EE-DB72-403C-BEB8-9D285C60F174}.Release|Any CPU.ActiveCfg = Release|Any CPU
		{BDA5E2EE-DB72-403C-BEB8-9D285C60F174}.Release|Any CPU.Build.0 = Release|Any CPU
	EndGlobalSection
	GlobalSection(SolutionProperties) = preSolution
		HideSolutionNode = FALSE
	EndGlobalSection
	GlobalSection(ExtensibilityGlobals) = postSolution
		SolutionGuid = {A0550CA2-BE56-4F91-9A7D-C517E8A732C8}
	EndGlobalSection
EndGlobal
